schema: '2.0'
stages:
  data_ingestion:
    cmd: python src/cnnClassifier/pipeline/stage_01_data_ingestion.py
    deps:
    - path: config/config.yaml
      hash: md5
      md5: abf752bef48a882d471a0fc2b870d7f6
      size: 828
    - path: src/cnnClassifier/pipeline/stage_01_data_ingestion.py
      hash: md5
      md5: b9b65064a354dd8ccdf8c06cdc107af6
      size: 953
    outs:
    - path: artifacts/data_ingestion/Chicken-fecal-images
      hash: md5
      md5: 9e1f8dd2eae3c29e9d635df89d438ae4.dir
      size: 12207807
      nfiles: 390
  prepare_base_model:
    cmd: python src/cnnClassifier/pipeline/stage_02_prepare_base_model.py
    deps:
    - path: config/config.yaml
      hash: md5
      md5: abf752bef48a882d471a0fc2b870d7f6
      size: 828
    - path: src/cnnClassifier/pipeline/stage_02_prepare_base_model.py
      hash: md5
      md5: e535195b4db00cece1606cf131e9477e
      size: 989
    params:
      params.yaml:
        CLASSES: 2
        IMAGE_SIZE:
        - 224
        - 224
        - 3
        INCLUDE_TOP: false
        LEARNING_RATE: 0.01
        WEIGHTS: imagenet
    outs:
    - path: artifacts/prepare_base_model
      hash: md5
      md5: a3d990ce38561018eac267d32622374d.dir
      size: 118059248
      nfiles: 2
  training:
    cmd: python src/cnnClassifier/pipeline/stage_03_training.py
    deps:
    - path: artifacts/data_ingestion/Chicken-fecal-images
      hash: md5
      md5: 9e1f8dd2eae3c29e9d635df89d438ae4.dir
      size: 12207807
      nfiles: 390
    - path: artifacts/prepare_base_model
      hash: md5
      md5: a3d990ce38561018eac267d32622374d.dir
      size: 118059248
      nfiles: 2
    - path: config/config.yaml
      hash: md5
      md5: abf752bef48a882d471a0fc2b870d7f6
      size: 828
    - path: src/cnnClassifier/components/prepare_callbacks.py
      hash: md5
      md5: dc2bf1f6ea3d4520c271d98719e1adf2
      size: 1029
    - path: src/cnnClassifier/pipeline/stage_03_training.py
      hash: md5
      md5: b8a28a2bf10a382fb617865c10de387c
      size: 1234
    params:
      params.yaml:
        AUGMENTATION: true
        BATCH_SIZE: 16
        EPOCHS: 10
        IMAGE_SIZE:
        - 224
        - 224
        - 3
    outs:
    - path: artifacts/training/model.h5
      hash: md5
      md5: 3acf551c7586d015630691441d5dc296
      size: 59340720
  evaluation:
    cmd: python src/cnnClassifier/pipeline/stage_04_evaluation.py
    deps:
    - path: artifacts/data_ingestion/Chicken-fecal-images
      hash: md5
      md5: 9e1f8dd2eae3c29e9d635df89d438ae4.dir
      size: 12207807
      nfiles: 390
    - path: artifacts/training/model.h5
      hash: md5
      md5: 3acf551c7586d015630691441d5dc296
      size: 59340720
    - path: config/config.yaml
      hash: md5
      md5: abf752bef48a882d471a0fc2b870d7f6
      size: 828
    - path: src/cnnClassifier/pipeline/stage_04_evaluation.py
      hash: md5
      md5: b293c3ae22e629eb829ce08b622e8c4a
      size: 856
    params:
      params.yaml:
        BATCH_SIZE: 16
        IMAGE_SIZE:
        - 224
        - 224
        - 3
    outs:
    - path: scores.json
      hash: md5
      md5: a5ec248ff7e7b1b089b1542bf610a2e6
      size: 72
